<?xml version="1.0" encoding="utf-8"?>
<Project ToolsVersion="4.0" xmlns="http://schemas.microsoft.com/developer/msbuild/2003">
  <ItemGroup>
    <Filter Include="Source Files">
      <UniqueIdentifier>{4FC737F1-C7A5-4376-A066-2A32D752A2FF}</UniqueIdentifier>
      <Extensions>cpp;c;cc;cxx;c++;cppm;ixx;def;odl;idl;hpj;bat;asm;asmx</Extensions>
    </Filter>
    <Filter Include="Header Files">
      <UniqueIdentifier>{93995380-89BD-4b04-88EB-625FBE52EBFB}</UniqueIdentifier>
      <Extensions>h;hh;hpp;hxx;h++;hm;inl;inc;ipp;xsd</Extensions>
    </Filter>
    <Filter Include="Resource Files">
      <UniqueIdentifier>{67DA6AB6-F800-4c08-8B7A-83BB121AAD01}</UniqueIdentifier>
      <Extensions>rc;ico;cur;bmp;dlg;rc2;rct;bin;rgs;gif;jpg;jpeg;jpe;resx;tiff;tif;png;wav;mfcribbon-ms</Extensions>
    </Filter>
    <Filter Include="GameApp">
      <UniqueIdentifier>{398ba7bb-77f5-4795-ab5a-ebe983988fec}</UniqueIdentifier>
    </Filter>
    <Filter Include="GameScene">
      <UniqueIdentifier>{807205f3-3362-4497-9748-c37cf3077745}</UniqueIdentifier>
    </Filter>
    <Filter Include="GameObjects">
      <UniqueIdentifier>{599fa5f2-0f01-4c76-b1c3-5b22ad21c564}</UniqueIdentifier>
    </Filter>
    <Filter Include="Lib">
      <UniqueIdentifier>{eca31532-4ad3-4f3e-945e-525d40b442c4}</UniqueIdentifier>
    </Filter>
  </ItemGroup>
  <ItemGroup>
    <ClCompile Include="Main.cpp">
      <Filter>Source Files</Filter>
    </ClCompile>
    <ClCompile Include="ButtonEvents.cpp">
      <Filter>Source Files</Filter>
    </ClCompile>
    <ClCompile Include="ConsolePrint.cpp">
      <Filter>Source Files</Filter>
    </ClCompile>
    <ClCompile Include="DeclaredValuesGetter.cpp">
      <Filter>Source Files</Filter>
    </ClCompile>
    <ClCompile Include="GameApp.cpp">
      <Filter>Source Files</Filter>
    </ClCompile>
    <ClCompile Include="InputDispose.cpp">
      <Filter>Source Files</Filter>
    </ClCompile>
    <ClCompile Include="LogsOutput.cpp">
      <Filter>Source Files</Filter>
    </ClCompile>
    <ClCompile Include="Tools.cpp">
      <Filter>Source Files</Filter>
    </ClCompile>
    <ClCompile Include="UIObject.cpp">
      <Filter>Source Files</Filter>
    </ClCompile>
    <ClCompile Include="AppDeclared.cpp">
      <Filter>GameApp</Filter>
    </ClCompile>
    <ClCompile Include="CustomizedApp.cpp">
      <Filter>GameApp</Filter>
    </ClCompile>
    <ClCompile Include="SceneManager.cpp">
      <Filter>GameApp</Filter>
    </ClCompile>
    <ClCompile Include="SceneNode.cpp">
      <Filter>GameApp</Filter>
    </ClCompile>
    <ClCompile Include="SpriteAnimator.cpp">
      <Filter>GameApp</Filter>
    </ClCompile>
    <ClCompile Include="SoundManager.cpp">
      <Filter>Source Files</Filter>
    </ClCompile>
    <ClCompile Include="UIObjDeclarer.cpp">
      <Filter>GameApp</Filter>
    </ClCompile>
    <ClCompile Include="AppBtnEvent.cpp">
      <Filter>GameApp</Filter>
    </ClCompile>
    <ClCompile Include="DialogShower.cpp">
      <Filter>GameObjects</Filter>
    </ClCompile>
    <ClCompile Include="PlayingStageManager.cpp">
      <Filter>GameObjects</Filter>
    </ClCompile>
    <ClCompile Include="VisitorManager.cpp">
      <Filter>GameObjects</Filter>
    </ClCompile>
    <ClCompile Include="VisitorShower.cpp">
      <Filter>GameObjects</Filter>
    </ClCompile>
    <ClCompile Include="ResortNameManager.cpp">
      <Filter>GameObjects</Filter>
    </ClCompile>
    <ClCompile Include="BuilderManager.cpp">
      <Filter>GameObjects</Filter>
    </ClCompile>
    <ClCompile Include="BuildBackgroundShower.cpp">
      <Filter>GameObjects</Filter>
    </ClCompile>
    <ClCompile Include="BuildingManager.cpp">
      <Filter>GameObjects</Filter>
    </ClCompile>
    <ClCompile Include="BuildingShower.cpp">
      <Filter>GameObjects</Filter>
    </ClCompile>
    <ClCompile Include="VisitingVisitorShower.cpp">
      <Filter>GameObjects</Filter>
    </ClCompile>
    <ClCompile Include="VisitingBackgroundShower.cpp">
      <Filter>GameObjects</Filter>
    </ClCompile>
    <ClCompile Include="VisitingBuildShower.cpp">
      <Filter>GameObjects</Filter>
    </ClCompile>
    <ClCompile Include="VisitingVisitorManager.cpp">
      <Filter>GameObjects</Filter>
    </ClCompile>
    <ClCompile Include="ThoughtListManager.cpp">
      <Filter>GameObjects</Filter>
    </ClCompile>
    <ClCompile Include="ThoughtListShower.cpp">
      <Filter>GameObjects</Filter>
    </ClCompile>
    <ClCompile Include="VisitorThoughtManager.cpp">
      <Filter>GameObjects</Filter>
    </ClCompile>
    <ClCompile Include="ResultFinalThought.cpp">
      <Filter>GameObjects</Filter>
    </ClCompile>
    <ClCompile Include="ResultTips.cpp">
      <Filter>GameObjects</Filter>
    </ClCompile>
    <ClCompile Include="FinalResult.cpp">
      <Filter>GameObjects</Filter>
    </ClCompile>
    <ClCompile Include="TitleBuilderShower.cpp">
      <Filter>GameObjects</Filter>
    </ClCompile>
    <ClCompile Include="TitleKanaShower.cpp">
      <Filter>GameObjects</Filter>
    </ClCompile>
    <ClCompile Include="StageSelectBackShower.cpp">
      <Filter>GameObjects</Filter>
    </ClCompile>
    <ClCompile Include="DatabaseManager.cpp">
      <Filter>Source Files</Filter>
    </ClCompile>
    <ClCompile Include="DataSyncer.cpp">
      <Filter>GameObjects</Filter>
    </ClCompile>
    <ClCompile Include="StatisticShower.cpp">
      <Filter>GameObjects</Filter>
    </ClCompile>
  </ItemGroup>
  <ItemGroup>
    <ClInclude Include="ButtonEvents.h">
      <Filter>Header Files</Filter>
    </ClInclude>
    <ClInclude Include="ConsolePrint.h">
      <Filter>Header Files</Filter>
    </ClInclude>
    <ClInclude Include="DeclaredValues.h">
      <Filter>Header Files</Filter>
    </ClInclude>
    <ClInclude Include="DefinedValues.h">
      <Filter>Header Files</Filter>
    </ClInclude>
    <ClInclude Include="GameApp.h">
      <Filter>Header Files</Filter>
    </ClInclude>
    <ClInclude Include="InputDispose.h">
      <Filter>Header Files</Filter>
    </ClInclude>
    <ClInclude Include="LogsOutput.h">
      <Filter>Header Files</Filter>
    </ClInclude>
    <ClInclude Include="Structs.h">
      <Filter>Header Files</Filter>
    </ClInclude>
    <ClInclude Include="Tools.h">
      <Filter>Header Files</Filter>
    </ClInclude>
    <ClInclude Include="UIObject.h">
      <Filter>Header Files</Filter>
    </ClInclude>
    <ClInclude Include="AppDeclared.h">
      <Filter>GameApp</Filter>
    </ClInclude>
    <ClInclude Include="CustomizedApp.h">
      <Filter>GameApp</Filter>
    </ClInclude>
    <ClInclude Include="GameAppStructs.h">
      <Filter>GameApp</Filter>
    </ClInclude>
    <ClInclude Include="SceneManager.h">
      <Filter>GameApp</Filter>
    </ClInclude>
    <ClInclude Include="SceneNode.h">
      <Filter>GameApp</Filter>
    </ClInclude>
    <ClInclude Include="SpriteAnimator.h">
      <Filter>GameApp</Filter>
    </ClInclude>
    <ClInclude Include="SoundManager.h">
      <Filter>Header Files</Filter>
    </ClInclude>
    <ClInclude Include="conioex.h">
      <Filter>Header Files</Filter>
    </ClInclude>
    <ClInclude Include="UIObjDeclarer.h">
      <Filter>GameApp</Filter>
    </ClInclude>
    <ClInclude Include="AppTestScene.h">
      <Filter>GameScene</Filter>
    </ClInclude>
    <ClInclude Include="AppBtnEvent.h">
      <Filter>GameApp</Filter>
    </ClInclude>
    <ClInclude Include="AppTitleScene.h">
      <Filter>GameScene</Filter>
    </ClInclude>
    <ClInclude Include="AppDialogScene.h">
      <Filter>GameScene</Filter>
    </ClInclude>
    <ClInclude Include="AppSwitchEffectScene.h">
      <Filter>GameScene</Filter>
    </ClInclude>
    <ClInclude Include="AppSelectStageScene.h">
      <Filter>GameScene</Filter>
    </ClInclude>
    <ClInclude Include="AppNamingScene.h">
      <Filter>GameScene</Filter>
    </ClInclude>
    <ClInclude Include="AppBuildScene.h">
      <Filter>GameScene</Filter>
    </ClInclude>
    <ClInclude Include="AppResortScene.h">
      <Filter>GameScene</Filter>
    </ClInclude>
    <ClInclude Include="AppEventScene.h">
      <Filter>GameScene</Filter>
    </ClInclude>
    <ClInclude Include="AppFeelingScene.h">
      <Filter>GameScene</Filter>
    </ClInclude>
    <ClInclude Include="AppResultScene.h">
      <Filter>GameScene</Filter>
    </ClInclude>
    <ClInclude Include="DialogShower.h">
      <Filter>GameObjects</Filter>
    </ClInclude>
    <ClInclude Include="PlayingStageManager.h">
      <Filter>GameObjects</Filter>
    </ClInclude>
    <ClInclude Include="VisitorManager.h">
      <Filter>GameObjects</Filter>
    </ClInclude>
    <ClInclude Include="VisitorShower.h">
      <Filter>GameObjects</Filter>
    </ClInclude>
    <ClInclude Include="ResortNameManager.h">
      <Filter>GameObjects</Filter>
    </ClInclude>
    <ClInclude Include="BuilderManager.h">
      <Filter>GameObjects</Filter>
    </ClInclude>
    <ClInclude Include="BuildBackgroundShower.h">
      <Filter>GameObjects</Filter>
    </ClInclude>
    <ClInclude Include="BuildingManager.h">
      <Filter>GameObjects</Filter>
    </ClInclude>
    <ClInclude Include="BuildingShower.h">
      <Filter>GameObjects</Filter>
    </ClInclude>
    <ClInclude Include="VisitingVisitorShower.h">
      <Filter>GameObjects</Filter>
    </ClInclude>
    <ClInclude Include="VisitingBackgroundShower.h">
      <Filter>GameObjects</Filter>
    </ClInclude>
    <ClInclude Include="VisitingBuildShower.h">
      <Filter>GameObjects</Filter>
    </ClInclude>
    <ClInclude Include="VisitingVisitorManager.h">
      <Filter>GameObjects</Filter>
    </ClInclude>
    <ClInclude Include="ThoughtListManager.h">
      <Filter>GameObjects</Filter>
    </ClInclude>
    <ClInclude Include="ThoughtListShower.h">
      <Filter>GameObjects</Filter>
    </ClInclude>
    <ClInclude Include="VisitorThoughtManager.h">
      <Filter>GameObjects</Filter>
    </ClInclude>
    <ClInclude Include="ResultFinalThought.h">
      <Filter>GameObjects</Filter>
    </ClInclude>
    <ClInclude Include="ResultTips.h">
      <Filter>GameObjects</Filter>
    </ClInclude>
    <ClInclude Include="FinalResult.h">
      <Filter>GameObjects</Filter>
    </ClInclude>
    <ClInclude Include="TitleBuilderShower.h">
      <Filter>GameObjects</Filter>
    </ClInclude>
    <ClInclude Include="TitleKanaShower.h">
      <Filter>GameObjects</Filter>
    </ClInclude>
    <ClInclude Include="StageSelectBackShower.h">
      <Filter>GameObjects</Filter>
    </ClInclude>
    <ClInclude Include="resource.h">
      <Filter>Header Files</Filter>
    </ClInclude>
    <ClInclude Include="DatabaseManager.h">
      <Filter>Header Files</Filter>
    </ClInclude>
    <ClInclude Include="DataSyncer.h">
      <Filter>GameObjects</Filter>
    </ClInclude>
    <ClInclude Include="Assets\Libs\MariaDB Connector C\include\mysql.h">
      <Filter>Lib</Filter>
    </ClInclude>
    <ClInclude Include="StatisticShower.h">
      <Filter>GameObjects</Filter>
    </ClInclude>
  </ItemGroup>
  <ItemGroup>
    <ResourceCompile Include="HEW_GAME.rc">
      <Filter>Resource Files</Filter>
    </ResourceCompile>
  </ItemGroup>
  <ItemGroup>
    <Image Include="Assets\Image\fantasy_builder_icon.ico">
      <Filter>Resource Files</Filter>
    </Image>
  </ItemGroup>
  <ItemGroup>
    <Library Include="Assets\Libs\MariaDB Connector C\lib\libmariadb.lib">
      <Filter>Lib</Filter>
    </Library>
  </ItemGroup>
</Project>